# Generated by buf. DO NOT EDIT.
version: v2
deps:
  - name: buf.build/googleapis/googleapis
    commit: 004180b77378443887d3b55cabc00384
    digest: b5:e8f475fe3330f31f5fd86ac689093bcd274e19611a09db91f41d637cb9197881ce89882b94d13a58738e53c91c6e4bae7dc1feba85f590164c975a89e25115dc
  - name: buf.build/kunstack/protoc-gen-go-errors
    commit: 8e71f98761bf4349b0e1342f2a55e6a7
    digest: b5:8c61291b425b2528f7f3c4dfb63c74b58a231384e3ecf31419f3d6a4df7d600741cdca1047069635434d9c9996202dee013eaca51a0619ae622c43ee2d684f4c
